
Microsoft Visual Studio Solution File, Format Version 12.00
# Visual Studio 15
VisualStudioVersion = 15.0.28307.271
MinimumVisualStudioVersion = 10.0.40219.1
Project("{9A19103F-16F7-4668-BE54-9A1E7A4F7556}") = "Producer", "Producer\Producer.csproj", "{22E4C81F-300A-4B16-AD41-451D02FDABA7}"
EndProject
Project("{9A19103F-16F7-4668-BE54-9A1E7A4F7556}") = "Consumer", "Consumer\Consumer.csproj", "{DED2B652-E781-47B9-B6B6-6E1C62B67DF2}"
EndProject
Project("{E53339B2-1760-4266-BCC7-CA923CBCF16C}") = "docker-compose", "docker-compose.dcproj", "{A7220C43-CF70-4696-8829-F709C49E8B50}"
EndProject
Project("{9A19103F-16F7-4668-BE54-9A1E7A4F7556}") = "ModelLibrary", "ModelLibrary\ModelLibrary.csproj", "{590D2E80-EE13-434B-A134-F0D876BB8A20}"
EndProject
Project("{FAE04EC0-301F-11D3-BF4B-00C04F79EFBC}") = "ASPConsumer", "ASPConsumer\ASPConsumer.csproj", "{2AD20408-76DA-478E-8A8A-C6EDA9EAFEE6}"
EndProject
Global
	GlobalSection(SolutionConfigurationPlatforms) = preSolution
		Debug|Any CPU = Debug|Any CPU
		Release|Any CPU = Release|Any CPU
	EndGlobalSection
	GlobalSection(ProjectConfigurationPlatforms) = postSolution
		{22E4C81F-300A-4B16-AD41-451D02FDABA7}.Debug|Any CPU.ActiveCfg = Debug|Any CPU
		{22E4C81F-300A-4B16-AD41-451D02FDABA7}.Debug|Any CPU.Build.0 = Debug|Any CPU
		{22E4C81F-300A-4B16-AD41-451D02FDABA7}.Release|Any CPU.ActiveCfg = Release|Any CPU
		{22E4C81F-300A-4B16-AD41-451D02FDABA7}.Release|Any CPU.Build.0 = Release|Any CPU
		{DED2B652-E781-47B9-B6B6-6E1C62B67DF2}.Debug|Any CPU.ActiveCfg = Debug|Any CPU
		{DED2B652-E781-47B9-B6B6-6E1C62B67DF2}.Debug|Any CPU.Build.0 = Debug|Any CPU
		{DED2B652-E781-47B9-B6B6-6E1C62B67DF2}.Release|Any CPU.ActiveCfg = Release|Any CPU
		{DED2B652-E781-47B9-B6B6-6E1C62B67DF2}.Release|Any CPU.Build.0 = Release|Any CPU
		{A7220C43-CF70-4696-8829-F709C49E8B50}.Debug|Any CPU.ActiveCfg = Debug|Any CPU
		{A7220C43-CF70-4696-8829-F709C49E8B50}.Debug|Any CPU.Build.0 = Debug|Any CPU
		{A7220C43-CF70-4696-8829-F709C49E8B50}.Release|Any CPU.ActiveCfg = Release|Any CPU
		{A7220C43-CF70-4696-8829-F709C49E8B50}.Release|Any CPU.Build.0 = Release|Any CPU
		{590D2E80-EE13-434B-A134-F0D876BB8A20}.Debug|Any CPU.ActiveCfg = Debug|Any CPU
		{590D2E80-EE13-434B-A134-F0D876BB8A20}.Debug|Any CPU.Build.0 = Debug|Any CPU
		{590D2E80-EE13-434B-A134-F0D876BB8A20}.Release|Any CPU.ActiveCfg = Release|Any CPU
		{590D2E80-EE13-434B-A134-F0D876BB8A20}.Release|Any CPU.Build.0 = Release|Any CPU
		{2AD20408-76DA-478E-8A8A-C6EDA9EAFEE6}.Debug|Any CPU.ActiveCfg = Debug|Any CPU
		{2AD20408-76DA-478E-8A8A-C6EDA9EAFEE6}.Debug|Any CPU.Build.0 = Debug|Any CPU
		{2AD20408-76DA-478E-8A8A-C6EDA9EAFEE6}.Release|Any CPU.ActiveCfg = Release|Any CPU
		{2AD20408-76DA-478E-8A8A-C6EDA9EAFEE6}.Release|Any CPU.Build.0 = Release|Any CPU
	EndGlobalSection
	GlobalSection(SolutionProperties) = preSolution
		HideSolutionNode = FALSE
	EndGlobalSection
	GlobalSection(ExtensibilityGlobals) = postSolution
		SolutionGuid = {9CB4EA07-39EE-458D-A293-A430E72E7CF3}
	EndGlobalSection
EndGlobal
